
Microsoft Visual Studio Solution File, Format Version 12.00
# Visual Studio Version 16
VisualStudioVersion = 16.0.29911.84
MinimumVisualStudioVersion = 10.0.40219.1
Project("{FAE04EC0-301F-11D3-BF4B-00C04F79EFBC}") = "WMS_MVC", "WMS_MVC\WMS_MVC.csproj", "{CC909112-80C0-45E7-9CFE-89EA2DE93F0C}"
EndProject
Global
	GlobalSection(SolutionConfigurationPlatforms) = preSolution
		Debug|Any CPU = Debug|Any CPU
		Release|Any CPU = Release|Any CPU
	EndGlobalSection
	GlobalSection(ProjectConfigurationPlatforms) = postSolution
		{CC909112-80C0-45E7-9CFE-89EA2DE93F0C}.Debug|Any CPU.ActiveCfg = Debug|Any CPU
		{CC909112-80C0-45E7-9CFE-89EA2DE93F0C}.Debug|Any CPU.Build.0 = Debug|Any CPU
		{CC909112-80C0-45E7-9CFE-89EA2DE93F0C}.Release|Any CPU.ActiveCfg = Release|Any CPU
		{CC909112-80C0-45E7-9CFE-89EA2DE93F0C}.Release|Any CPU.Build.0 = Release|Any CPU
	EndGlobalSection
	GlobalSection(SolutionProperties) = preSolution
		HideSolutionNode = FALSE
	EndGlobalSection
	GlobalSection(ExtensibilityGlobals) = postSolution
		SolutionGuid = {406E1CD9-D5F6-44AC-B3C3-997608B7EF46}
	EndGlobalSection
EndGlobal
